
Microsoft Visual Studio Solution File, Format Version 12.00
# Visual Studio 15
VisualStudioVersion = 15.0.28010.2046
MinimumVisualStudioVersion = 10.0.40219.1
Project("{FAE04EC0-301F-11D3-BF4B-00C04F79EFBC}") = "Hermes Modbus 3", "Hermes Modbus 3\Hermes Modbus 3.csproj", "{BDC849CF-DC92-4F5E-B3B9-57FCB1CF862A}"
EndProject
Global
	GlobalSection(SolutionConfigurationPlatforms) = preSolution
		Debug|Any CPU = Debug|Any CPU
		Release|Any CPU = Release|Any CPU
	EndGlobalSection
	GlobalSection(ProjectConfigurationPlatforms) = postSolution
		{BDC849CF-DC92-4F5E-B3B9-57FCB1CF862A}.Debug|Any CPU.ActiveCfg = Debug|Any CPU
		{BDC849CF-DC92-4F5E-B3B9-57FCB1CF862A}.Debug|Any CPU.Build.0 = Debug|Any CPU
		{BDC849CF-DC92-4F5E-B3B9-57FCB1CF862A}.Release|Any CPU.ActiveCfg = Release|Any CPU
		{BDC849CF-DC92-4F5E-B3B9-57FCB1CF862A}.Release|Any CPU.Build.0 = Release|Any CPU
	EndGlobalSection
	GlobalSection(SolutionProperties) = preSolution
		HideSolutionNode = FALSE
	EndGlobalSection
	GlobalSection(ExtensibilityGlobals) = postSolution
		SolutionGuid = {D99B5239-1E71-4128-A133-D39B88CD890D}
	EndGlobalSection
EndGlobal
